{
    "_meta": {
        "hash": {
            "sha256": "322da6dc6465d25b1e5deb99b766eb58fbb40656cc96b5a51c75a41af4dfe73e"
        },
        "pipfile-spec": 6,
        "requires": {
            "python_version": "3.7"
        },
        "sources": [
            {
                "name": "pypi",
                "url": "https://pypi.org/simple",
                "verify_ssl": true
            }
        ]
    },
    "default": {
        "adafruit-bbio": {
            "hashes": [
                "sha256:5edcb8abd32b5f78365f6131f1d24cd78c419d60f469fc828518688cf39fdbad"
            ],
            "index": "pypi",
            "version": "==1.2.0"
        },
        "rpi.gpio": {
            "hashes": [
                "sha256:7424bc6c205466764f30f666c18187a0824077daf20b295c42f08aea2cb87d3f"
            ],
            "index": "pypi",
            "version": "==0.7.0"
        },
        "spidev": {
            "hashes": [
                "sha256:8a7f5c289f161ea2ac4697fa8a10918232c990678dd0053084b3c43b1363910d"
            ],
            "index": "pypi",
            "version": "==3.5"
        }
    },
    "develop": {}
}
